# THIS IS AN AUTOGENERATED FILE. DO NOT EDIT THIS FILE DIRECTLY.
# yarn lockfile v1


nan@^2.17.0:
  version "2.23.0"
  resolved "https://registry.npmmirror.com/nan/-/nan-2.23.0.tgz#24aa4ddffcc37613a2d2935b97683c1ec96093c6"
  integrity sha512-1UxuyYGdoQHcGg87Lkqm3FzefucTa0NAiOcuRsDmysep3c1LVCRK2krrUDafMWtjSG04htvAmvg96+SDknOmgQ==

tree-sitter-cli@^0.25.10:
  version "0.25.10"
  resolved "https://registry.npmmirror.com/tree-sitter-cli/-/tree-sitter-cli-0.25.10.tgz#edf282208b563cfb7bca8bf774e4665fb7a92893"
  integrity sha512-KoebQguKMCIghisEOdA372TIbrUl0kdnfZ9YQIBRAeOvNSKe85XbU4LuFW7hduRUwJj0rAG7pX5wo9sZhbBF1g==
